lockfileVersion: '9.0'

settings:
  autoInstallPeers: true
  excludeLinksFromLockfile: false

importers:

  .:
    dependencies:
      cac:
        specifier: ^6.7.14
        version: 6.7.14
      pathe:
        specifier: ^2.0.3
        version: 2.0.3
      picocolors:
        specifier: ^1.1.1
        version: 1.1.1
      tinyglobby:
        specifier: ^0.2.12
        version: 0.2.12
    devDependencies:
      '@types/node':
        specifier: ^22.13.10
        version: 22.13.10
      premove:
        specifier: ^4.0.0
        version: 4.0.0
      prettier:
        specifier: ^3.5.3
        version: 3.5.3
      rolldown:
        specifier: 1.0.0-beta.4
        version: 1.0.0-beta.4
      unplugin-isolated-decl:
        specifier: ^0.13.2
        version: 0.13.2

packages:

  '@emnapi/core@1.3.1':
    resolution: {integrity: sha512-pVGjBIt1Y6gg3EJN8jTcfpP/+uuRksIo055oE/OBkDNcjZqVbfkWCksG1Jp4yZnj3iKWyWX8fdG/j6UDYPbFog==}

  '@emnapi/runtime@1.3.1':
    resolution: {integrity: sha512-kEBmG8KyqtxJZv+ygbEim+KCGtIq1fC22Ms3S4ziXmYKm8uyoLX0MHONVKwp+9opg390VaKRNt4a7A9NwmpNhw==}

  '@emnapi/wasi-threads@1.0.1':
    resolution: {integrity: sha512-iIBu7mwkq4UQGeMEM8bLwNK962nXdhodeScX4slfQnRhEMMzvYivHhutCIk8uojvmASXXPC2WNEjwxFWk72Oqw==}

  '@jridgewell/sourcemap-codec@1.5.0':
    resolution: {integrity: sha512-gv3ZRaISU3fjPAgNsriBRqGWQL6quFx04YMPW/zD8XMLsU32mhCCbfbO6KZFLjvYpCZ8zyDEgqsgf+PwPaM7GQ==}

  '@napi-rs/wasm-runtime@0.2.7':
    resolution: {integrity: sha512-5yximcFK5FNompXfJFoWanu5l8v1hNGqNHh9du1xETp9HWk/B/PzvchX55WYOPaIeNglG8++68AAiauBAtbnzw==}

  '@oxc-parser/binding-darwin-arm64@0.56.5':
    resolution: {integrity: sha512-rj4WZqQVJQgLnGnDu2ciIOC5SqcBPc4x11RN0NwuedSGzny5mtBdNVLwt0+8iB15lIjrOKg5pjYJ8GQVPca5HA==}
    engines: {node: '>=14.0.0'}
    cpu: [arm64]
    os: [darwin]

  '@oxc-parser/binding-darwin-x64@0.56.5':
    resolution: {integrity: sha512-Rr7aMkqcxGIM6fgkpaj9SJj0u1O1g+AT7mJwmdi5PLSQRPR4CkDKfztEnAj5k+d2blWvh9nPZH8G0OCwxIHk1Q==}
    engines: {node: '>=14.0.0'}
    cpu: [x64]
    os: [darwin]

  '@oxc-parser/binding-linux-arm-gnueabihf@0.56.5':
    resolution: {integrity: sha512-jcFCThrWUt5k1GM43tdmI1m2dEnWUPPHHTWKBJbZBXzXLrJJzkqv5OU87Spf1004rYj9swwpa13kIldFwMzglA==}
    engines: {node: '>=14.0.0'}
    cpu: [arm]
    os: [linux]

  '@oxc-parser/binding-linux-arm64-gnu@0.56.5':
    resolution: {integrity: sha512-zo/9RDgWvugKxCpHHcAC5EW0AqoEvODJ4Iv4aT1Xonv6kcydbyPSXJBQhhZUvTXTAFIlQKl6INHl+Xki9Qs3fw==}
    engines: {node: '>=14.0.0'}
    cpu: [arm64]
    os: [linux]

  '@oxc-parser/binding-linux-arm64-musl@0.56.5':
    resolution: {integrity: sha512-SCIqrL5apVbrtMoqOpKX/Ez+c46WmW0Tyhtu+Xby281biH+wYu70m+fux9ZsGmbHc2ojd4FxUcaUdCZtb5uTOQ==}
    engines: {node: '>=14.0.0'}
    cpu: [arm64]
    os: [linux]

  '@oxc-parser/binding-linux-x64-gnu@0.56.5':
    resolution: {integrity: sha512-I2mpX35NWo83hay4wrnzFLk3VuGK1BBwHaqvEdqsCode8iG8slYJRJPICVbCEWlkR3rotlTQ+608JcRU0VqZ5Q==}
    engines: {node: '>=14.0.0'}
    cpu: [x64]
    os: [linux]

  '@oxc-parser/binding-linux-x64-musl@0.56.5':
    resolution: {integrity: sha512-xfzUHGYOh3PGWZdBuY5r1czvE8EGWPAmhTWHqkw3/uAfUVWN/qrrLjMojiaiWyUgl/9XIFg05m5CJH9dnngh5Q==}
    engines: {node: '>=14.0.0'}
    cpu: [x64]
    os: [linux]

  '@oxc-parser/binding-wasm32-wasi@0.56.5':
    resolution: {integrity: sha512-+z3Ofmc1v5kcu8fXgG5vn7T1f52P47ceTTmTXsm5HPY7rq5EMYRUaBnxH6cesXwY1OVVCwYlIZbCiy8Pm1w8zQ==}
    engines: {node: '>=14.0.0'}
    cpu: [wasm32]

  '@oxc-parser/binding-win32-arm64-msvc@0.56.5':
    resolution: {integrity: sha512-pRg8QrbMh8PgnXBreiONoJBR306u+JN19BXQC7oKIaG4Zxt9Mn8XIyuhUv3ytqjLudSiG2ERWQUoCGLs+yfW0A==}
    engines: {node: '>=14.0.0'}
    cpu: [arm64]
    os: [win32]

  '@oxc-parser/binding-win32-x64-msvc@0.56.5':
    resolution: {integrity: sha512-VALZNcuyw/6rwsxOACQ2YS6rey2d/ym4cNfXqJrHB/MZduAPj4xvij72gHGu3Ywm31KVGLVWk/mrMRiM9CINcA==}
    engines: {node: '>=14.0.0'}
    cpu: [x64]
    os: [win32]

  '@oxc-project/types@0.56.5':
    resolution: {integrity: sha512-skY3kOJwp22W4RkaadH1hZ3hqFHjkRrIIE0uQ4VUg+/Chvbl+2pF+B55IrIk2dgsKXS57YEUsJuN6I6s4rgFjA==}

  '@oxc-transform/binding-darwin-arm64@0.56.5':
    resolution: {integrity: sha512-OlLgqKlWqA5A5IW3/YOKV2egeT/h/I36FjB88f07xbOGn/4B1Zj8TeIyvW49rbvi2edz6z5roPzp/CV/htXVHQ==}
    engines: {node: '>=14.0.0'}
    cpu: [arm64]
    os: [darwin]

  '@oxc-transform/binding-darwin-x64@0.56.5':
    resolution: {integrity: sha512-4dEIUwNa+GVz+9nD/Yh9bC3hBL0m6/FQD/p0cTJNVTD8NCuuvHVb4wtIQMbzeROZILrYYDnb7y+WA6MiONVGlA==}
    engines: {node: '>=14.0.0'}
    cpu: [x64]
    os: [darwin]

  '@oxc-transform/binding-linux-arm-gnueabihf@0.56.5':
    resolution: {integrity: sha512-Py/EGK8xSpC/u5TiXG13BihNaV9uoix4G4XMveNlpeOZI7t4SPkCVLQu5X6+4gdEEaJ7km+rrmjXLmrHfWQnjA==}
    engines: {node: '>=14.0.0'}
    cpu: [arm]
    os: [linux]

  '@oxc-transform/binding-linux-arm64-gnu@0.56.5':
    resolution: {integrity: sha512-EEgK8RIbJRdLXHJS1VqrEgaMdcwu25xgGZACrSdqmGTAxP5jGwMXModcOdb7a0qiZpyMBEwM3Sa/u0kflJFYLQ==}
    engines: {node: '>=14.0.0'}
    cpu: [arm64]
    os: [linux]

  '@oxc-transform/binding-linux-arm64-musl@0.56.5':
    resolution: {integrity: sha512-SwFBYSWS/GGBqMTqrNoN0IXFRhhey3euBe6a+QPKaI4RHC0jAxJIVIG5dRUjgPg4eAtnpbkWR+1MNk38mF6RiQ==}
    engines: {node: '>=14.0.0'}
    cpu: [arm64]
    os: [linux]

  '@oxc-transform/binding-linux-x64-gnu@0.56.5':
    resolution: {integrity: sha512-/egcz00fX5/oRArkmnE6CbRC6aZSOPi/+08AnN5E80iK1K47AB9tWWaA0wS1eI4glDIXlcupH3lYzxSS2qcbBg==}
    engines: {node: '>=14.0.0'}
    cpu: [x64]
    os: [linux]

  '@oxc-transform/binding-linux-x64-musl@0.56.5':
    resolution: {integrity: sha512-W7hFOx+hvvhB7dmDNYllEInWJrjBrnrsDLZ5/hcqDenLphj7EBfCDDhBMmwgcMCbAc8OIYW/dFMWlTTAPYMZ4Q==}
    engines: {node: '>=14.0.0'}
    cpu: [x64]
    os: [linux]

  '@oxc-transform/binding-wasm32-wasi@0.56.5':
    resolution: {integrity: sha512-6sbMQmFTwiG5tJuUtFFUiyy3wapjzBTTr6uFR6aeaRu8V9yeCaM8O2LXa1g+Lo+t1RUDcIjGxXB+hAgzN3+5wA==}
    engines: {node: '>=14.0.0'}
    cpu: [wasm32]

  '@oxc-transform/binding-win32-arm64-msvc@0.56.5':
    resolution: {integrity: sha512-kdejF9Q+Ig/xZ+VcJlGusOw22vVNIsP18MlR4TMTuoOcxkz9/bUQg+oj17V/gATmR5LZDXUU05CQLsdJgrCT6w==}
    engines: {node: '>=14.0.0'}
    cpu: [arm64]
    os: [win32]

  '@oxc-transform/binding-win32-x64-msvc@0.56.5':
    resolution: {integrity: sha512-/gmPYm+U5R/B81NTQfWOVlpxHooBjcZxPeGHHbh2nuRzrpxAE1fdXktZ2IbpOWCT5sRrAlY6ubQigfJJHKy1uA==}
    engines: {node: '>=14.0.0'}
    cpu: [x64]
    os: [win32]

  '@rolldown/binding-darwin-arm64@1.0.0-beta.4':
    resolution: {integrity: sha512-ZXu3BrruECWTO+mAetAdXtqZZyB4ZQuB0P1Mkx903r78wlV6psngai4yy5P0b1+0FTaoKIr9zNOqr47iXEX9ew==}
    cpu: [arm64]
    os: [darwin]

  '@rolldown/binding-darwin-x64@1.0.0-beta.4':
    resolution: {integrity: sha512-ESeHgckSi7Zeg5cyPblIxjS4JcHCoAe/z0uZwF5S0sCjDVa4y/N3Uc2zPVCqSPCf20gSUr0cBa1F+pxAyJ8CZA==}
    cpu: [x64]
    os: [darwin]

  '@rolldown/binding-freebsd-x64@1.0.0-beta.4':
    resolution: {integrity: sha512-X/bXO4e3pwrJ4MLgfo2PQQcHuHk4e7nUoRWWb3HW15QD99JZg8Zbgmo7y5TtfkOSvlMzPNXop7VfAoUMk9CADQ==}
    cpu: [x64]
    os: [freebsd]

  '@rolldown/binding-linux-arm-gnueabihf@1.0.0-beta.4':
    resolution: {integrity: sha512-cxGLkl6VWYCMbvsI2ikO0qdunIYXfMz4Pvs3n4vwEf6uJHg14N1U6kbXgB6154t24gjjsuwBnFU7ODUaHwiGIg==}
    cpu: [arm]
    os: [linux]

  '@rolldown/binding-linux-arm64-gnu@1.0.0-beta.4':
    resolution: {integrity: sha512-heZdlfa3EV/L4TXdoH88thPQVIzxNRjvDgUPYclVQxmzo2AG/FxRrZ5+u1rjaHYKLwgO3u2YUo8FSCdtF8NtZQ==}
    cpu: [arm64]
    os: [linux]

  '@rolldown/binding-linux-arm64-musl@1.0.0-beta.4':
    resolution: {integrity: sha512-Qv6zYkK5iOaeWNbDB7a/Ect3ucvF55lSCz9hx8hKQuXT72RogxYHCAPTjGcmHrh0JPLiXOhq9o8XojO1uLNfLA==}
    cpu: [arm64]
    os: [linux]

  '@rolldown/binding-linux-x64-gnu@1.0.0-beta.4':
    resolution: {integrity: sha512-3RquY5BqB7ambF4isZmkgEcaLBj/thgCXd7qbC3N3PcfVqOn7iRKCixinBkNZfePVyveSVCr4vEDLouXJ7UH3g==}
    cpu: [x64]
    os: [linux]

  '@rolldown/binding-linux-x64-musl@1.0.0-beta.4':
    resolution: {integrity: sha512-9+RgE1PjlczZC0HWGsCqel8uylmZjF00piAi4idKoVA6tca5DUgcf7IDsk6cfAvtIsvf5U2zSQGVg4UOE3Klvw==}
    cpu: [x64]
    os: [linux]

  '@rolldown/binding-wasm32-wasi@1.0.0-beta.4':
    resolution: {integrity: sha512-zF9xSZDH+iePqr0qtRlnnRdv8goOfbcovBBIPE1rLhaVmARBgca2ccWSpGcqcWxZD7oM6nPCGgPSFc1QYXLwRg==}
    engines: {node: '>=14.21.3'}
    cpu: [wasm32]

  '@rolldown/binding-win32-arm64-msvc@1.0.0-beta.4':
    resolution: {integrity: sha512-sNzxSdMVJJSjVzHv4iEHLBSURBs560ib6Cwc+qyxke5r/vE1E2WNZ1QD1A048edQ3jtj6PNRGhcLf8d/B7+GTQ==}
    cpu: [arm64]
    os: [win32]

  '@rolldown/binding-win32-ia32-msvc@1.0.0-beta.4':
    resolution: {integrity: sha512-pgrcn8jdLylBfG28Xl8H7ApvcEQyem1aiwVMx8KldSlOwV6W+hiH1DSfWx4zcEzMJRhNCRc3mLdlJ33hjWmSXA==}
    cpu: [ia32]
    os: [win32]

  '@rolldown/binding-win32-x64-msvc@1.0.0-beta.4':
    resolution: {integrity: sha512-F4U8Io+zvjTovKJPN9exqZoUE3ELtUXLLGcb3qNe/ra7awu9rUE1am+2B6gGnHNuaj/aEzit2nl/FdemmHe8ew==}
    cpu: [x64]
    os: [win32]

  '@tybys/wasm-util@0.9.0':
    resolution: {integrity: sha512-6+7nlbMVX/PVDCwaIQ8nTOPveOcFLSt8GcXdx8hD0bt39uWxYT88uXzqTd4fTvqta7oeUJqudepapKNt2DYJFw==}

  '@types/node@22.13.10':
    resolution: {integrity: sha512-I6LPUvlRH+O6VRUqYOcMudhaIdUVWfsjnZavnsraHvpBwaEyMN29ry+0UVJhImYL16xsscu0aske3yA+uPOWfw==}

  '@valibot/to-json-schema@1.0.0-rc.0':
    resolution: {integrity: sha512-F3WDgnPzcDs9Y8qZwU9qfPnEJBQ6lCMCFjI7VsMjAza6yAixGr4cZ50gOy6zniSCk49GkFvq2a6cBKfZjTpyOw==}
    peerDependencies:
      valibot: ^1.0.0 || ^1.0.0-beta.5 || ^1.0.0-rc

  acorn@8.14.1:
    resolution: {integrity: sha512-OvQ/2pUDKmgfCg++xsTX1wGxfTaszcHVcTctW4UJB4hibJx2HXxxO5UmVgyjMa+ZDsiaf5wWLXYpRWMmBI0QHg==}
    engines: {node: '>=0.4.0'}
    hasBin: true

  cac@6.7.14:
    resolution: {integrity: sha512-b6Ilus+c3RrdDk+JhLKUAQfzzgLEPy6wcXqS7f/xe1EETvsDP6GORG7SFuOs6cID5YkqchW/LXZbX5bc8j7ZcQ==}
    engines: {node: '>=8'}

  debug@4.4.0:
    resolution: {integrity: sha512-6WTZ/IxCY/T6BALoZHaE4ctp9xm+Z5kY/pzYaCHRFeyVhojxlrm+46y68HA6hr0TcwEssoxNiDEUJQjfPZ/RYA==}
    engines: {node: '>=6.0'}
    peerDependencies:
      supports-color: '*'
    peerDependenciesMeta:
      supports-color:
        optional: true

  fdir@6.4.3:
    resolution: {integrity: sha512-PMXmW2y1hDDfTSRc9gaXIuCCRpuoz3Kaz8cUelp3smouvfT632ozg2vrT6lJsHKKOF59YLbOGfAWGUcKEfRMQw==}
    peerDependencies:
      picomatch: ^3 || ^4
    peerDependenciesMeta:
      picomatch:
        optional: true

  magic-string@0.30.17:
    resolution: {integrity: sha512-sNPKHvyjVf7gyjwS4xGTaW/mCnF8wnjtifKBEhxfZ7E/S8tQ0rssrwGNn6q8JH/ohItJfSQp9mBtQYuTlH5QnA==}

  ms@2.1.3:
    resolution: {integrity: sha512-6FlzubTLZG3J2a/NVCAleEhjzq5oxgHyaCU9yYXvcLsvoVaHJq/s5xXI6/XXP6tz7R9xAOtHnSO/tXtF3WRTlA==}

  oxc-parser@0.56.5:
    resolution: {integrity: sha512-MNT32sqiTFeSbQZP2WZIRQ/mlIpNNq4sua+/4hBG4qT5aef2iQe+1/BjezZURPlvucZeSfN1Y6b60l7OgBdyUA==}
    engines: {node: '>=14.0.0'}

  oxc-transform@0.56.5:
    resolution: {integrity: sha512-cLIZZqdwLpBBTZ9ILNpcGQUrqvgLKpo1+wx9CHimORs4Q6HUMjOYK65aZzyi5pIfBGzq0j3avK7rufpik0vzlA==}
    engines: {node: '>=14.0.0'}

  pathe@2.0.3:
    resolution: {integrity: sha512-WUjGcAqP1gQacoQe+OBJsFA7Ld4DyXuUIjZ5cc75cLHvJ7dtNsTugphxIADwspS+AraAUePCKrSVtPLFj/F88w==}

  picocolors@1.1.1:
    resolution: {integrity: sha512-xceH2snhtb5M9liqDsmEw56le376mTZkEX/jEb/RxNFyegNul7eNslCXP9FDj/Lcu0X8KEyMceP2ntpaHrDEVA==}

  picomatch@4.0.2:
    resolution: {integrity: sha512-M7BAV6Rlcy5u+m6oPhAPFgJTzAioX/6B0DxyvDlo9l8+T3nLKbrczg2WLUyzd45L8RqfUMyGPzekbMvX2Ldkwg==}
    engines: {node: '>=12'}

  premove@4.0.0:
    resolution: {integrity: sha512-zim/Hr4+FVdCIM7zL9b9Z0Wfd5Ya3mnKtiuDv7L5lzYzanSq6cOcVJ7EFcgK4I0pt28l8H0jX/x3nyog380XgQ==}
    engines: {node: '>=6'}
    hasBin: true

  prettier@3.5.3:
    resolution: {integrity: sha512-QQtaxnoDJeAkDvDKWCLiwIXkTgRhwYDEQCghU9Z6q03iyek/rxRh/2lC3HB7P8sWT2xC/y5JDctPLBIGzHKbhw==}
    engines: {node: '>=14'}
    hasBin: true

  rolldown@1.0.0-beta.4:
    resolution: {integrity: sha512-Axy12KgrOHtJFgT2dQ2+Ge7PZGRJMGua3TytZ194qWPhowEkyMnARm+xztg/z7LmXTQNdKeM7HeHfi9mWBxp2w==}
    hasBin: true
    peerDependencies:
      '@oxc-project/runtime': 0.56.5
    peerDependenciesMeta:
      '@oxc-project/runtime':
        optional: true

  tinyglobby@0.2.12:
    resolution: {integrity: sha512-qkf4trmKSIiMTs/E63cxH+ojC2unam7rJ0WrauAzpT3ECNTxGRMlaXxVbfxMUC/w0LaYk6jQ4y/nGR9uBO3tww==}
    engines: {node: '>=12.0.0'}

  tslib@2.8.1:
    resolution: {integrity: sha512-oJFu94HQb+KVduSUQL7wnpmqnfmLsOA/nAh6b6EH0wCEoK0/mPeXU6c3wKDV83MkOuHPRHtSXKKU99IBazS/2w==}

  undici-types@6.20.0:
    resolution: {integrity: sha512-Ny6QZ2Nju20vw1SRHe3d9jVu6gJ+4e3+MMpqu7pqE5HT6WsTSlce++GQmK5UXS8mzV8DSYHrQH+Xrf2jVcuKNg==}

  unplugin-isolated-decl@0.13.2:
    resolution: {integrity: sha512-h+Ovy9rrxeEVo+ICPwL0PUvsphjREMWvg5kgafyJsDyqbOQUVdDHV1eG+205xIWvZ51Pbuc2MsZaH6aCUqQWlQ==}
    engines: {node: '>=18.12.0'}
    peerDependencies:
      '@swc/core': ^1.6.6
      typescript: ^5.5.2
    peerDependenciesMeta:
      '@swc/core':
        optional: true
      typescript:
        optional: true

  unplugin-utils@0.2.4:
    resolution: {integrity: sha512-8U/MtpkPkkk3Atewj1+RcKIjb5WBimZ/WSLhhR3w6SsIj8XJuKTacSP8g+2JhfSGw0Cb125Y+2zA/IzJZDVbhA==}
    engines: {node: '>=18.12.0'}

  unplugin@2.2.0:
    resolution: {integrity: sha512-m1ekpSwuOT5hxkJeZGRxO7gXbXT3gF26NjQ7GdVHoLoF8/nopLcd/QfPigpCy7i51oFHiRJg/CyHhj4vs2+KGw==}
    engines: {node: '>=18.12.0'}

  valibot@1.0.0-rc.3:
    resolution: {integrity: sha512-LT0REa7Iqx4QGcaHLiTiTkcmJqJ9QdpOy89HALFFBJgejTS64GQFRIbDF7e4f6pauQbo/myfKGmWXCLhMeM6+g==}
    peerDependencies:
      typescript: '>=5'
    peerDependenciesMeta:
      typescript:
        optional: true

  webpack-virtual-modules@0.6.2:
    resolution: {integrity: sha512-66/V2i5hQanC51vBQKPH4aI8NMAcBW59FVBs+rC7eGHupMyfn34q7rZIE+ETlJ+XTevqfUhVVBgSUNSW2flEUQ==}

snapshots:

  '@emnapi/core@1.3.1':
    dependencies:
      '@emnapi/wasi-threads': 1.0.1
      tslib: 2.8.1
    optional: true

  '@emnapi/runtime@1.3.1':
    dependencies:
      tslib: 2.8.1
    optional: true

  '@emnapi/wasi-threads@1.0.1':
    dependencies:
      tslib: 2.8.1
    optional: true

  '@jridgewell/sourcemap-codec@1.5.0': {}

  '@napi-rs/wasm-runtime@0.2.7':
    dependencies:
      '@emnapi/core': 1.3.1
      '@emnapi/runtime': 1.3.1
      '@tybys/wasm-util': 0.9.0
    optional: true

  '@oxc-parser/binding-darwin-arm64@0.56.5':
    optional: true

  '@oxc-parser/binding-darwin-x64@0.56.5':
    optional: true

  '@oxc-parser/binding-linux-arm-gnueabihf@0.56.5':
    optional: true

  '@oxc-parser/binding-linux-arm64-gnu@0.56.5':
    optional: true

  '@oxc-parser/binding-linux-arm64-musl@0.56.5':
    optional: true

  '@oxc-parser/binding-linux-x64-gnu@0.56.5':
    optional: true

  '@oxc-parser/binding-linux-x64-musl@0.56.5':
    optional: true

  '@oxc-parser/binding-wasm32-wasi@0.56.5':
    dependencies:
      '@napi-rs/wasm-runtime': 0.2.7
    optional: true

  '@oxc-parser/binding-win32-arm64-msvc@0.56.5':
    optional: true

  '@oxc-parser/binding-win32-x64-msvc@0.56.5':
    optional: true

  '@oxc-project/types@0.56.5': {}

  '@oxc-transform/binding-darwin-arm64@0.56.5':
    optional: true

  '@oxc-transform/binding-darwin-x64@0.56.5':
    optional: true

  '@oxc-transform/binding-linux-arm-gnueabihf@0.56.5':
    optional: true

  '@oxc-transform/binding-linux-arm64-gnu@0.56.5':
    optional: true

  '@oxc-transform/binding-linux-arm64-musl@0.56.5':
    optional: true

  '@oxc-transform/binding-linux-x64-gnu@0.56.5':
    optional: true

  '@oxc-transform/binding-linux-x64-musl@0.56.5':
    optional: true

  '@oxc-transform/binding-wasm32-wasi@0.56.5':
    dependencies:
      '@napi-rs/wasm-runtime': 0.2.7
    optional: true

  '@oxc-transform/binding-win32-arm64-msvc@0.56.5':
    optional: true

  '@oxc-transform/binding-win32-x64-msvc@0.56.5':
    optional: true

  '@rolldown/binding-darwin-arm64@1.0.0-beta.4':
    optional: true

  '@rolldown/binding-darwin-x64@1.0.0-beta.4':
    optional: true

  '@rolldown/binding-freebsd-x64@1.0.0-beta.4':
    optional: true

  '@rolldown/binding-linux-arm-gnueabihf@1.0.0-beta.4':
    optional: true

  '@rolldown/binding-linux-arm64-gnu@1.0.0-beta.4':
    optional: true

  '@rolldown/binding-linux-arm64-musl@1.0.0-beta.4':
    optional: true

  '@rolldown/binding-linux-x64-gnu@1.0.0-beta.4':
    optional: true

  '@rolldown/binding-linux-x64-musl@1.0.0-beta.4':
    optional: true

  '@rolldown/binding-wasm32-wasi@1.0.0-beta.4':
    dependencies:
      '@napi-rs/wasm-runtime': 0.2.7
    optional: true

  '@rolldown/binding-win32-arm64-msvc@1.0.0-beta.4':
    optional: true

  '@rolldown/binding-win32-ia32-msvc@1.0.0-beta.4':
    optional: true

  '@rolldown/binding-win32-x64-msvc@1.0.0-beta.4':
    optional: true

  '@tybys/wasm-util@0.9.0':
    dependencies:
      tslib: 2.8.1
    optional: true

  '@types/node@22.13.10':
    dependencies:
      undici-types: 6.20.0

  '@valibot/to-json-schema@1.0.0-rc.0(valibot@1.0.0-rc.3)':
    dependencies:
      valibot: 1.0.0-rc.3

  acorn@8.14.1: {}

  cac@6.7.14: {}

  debug@4.4.0:
    dependencies:
      ms: 2.1.3

  fdir@6.4.3(picomatch@4.0.2):
    optionalDependencies:
      picomatch: 4.0.2

  magic-string@0.30.17:
    dependencies:
      '@jridgewell/sourcemap-codec': 1.5.0

  ms@2.1.3: {}

  oxc-parser@0.56.5:
    dependencies:
      '@oxc-project/types': 0.56.5
    optionalDependencies:
      '@oxc-parser/binding-darwin-arm64': 0.56.5
      '@oxc-parser/binding-darwin-x64': 0.56.5
      '@oxc-parser/binding-linux-arm-gnueabihf': 0.56.5
      '@oxc-parser/binding-linux-arm64-gnu': 0.56.5
      '@oxc-parser/binding-linux-arm64-musl': 0.56.5
      '@oxc-parser/binding-linux-x64-gnu': 0.56.5
      '@oxc-parser/binding-linux-x64-musl': 0.56.5
      '@oxc-parser/binding-wasm32-wasi': 0.56.5
      '@oxc-parser/binding-win32-arm64-msvc': 0.56.5
      '@oxc-parser/binding-win32-x64-msvc': 0.56.5

  oxc-transform@0.56.5:
    optionalDependencies:
      '@oxc-transform/binding-darwin-arm64': 0.56.5
      '@oxc-transform/binding-darwin-x64': 0.56.5
      '@oxc-transform/binding-linux-arm-gnueabihf': 0.56.5
      '@oxc-transform/binding-linux-arm64-gnu': 0.56.5
      '@oxc-transform/binding-linux-arm64-musl': 0.56.5
      '@oxc-transform/binding-linux-x64-gnu': 0.56.5
      '@oxc-transform/binding-linux-x64-musl': 0.56.5
      '@oxc-transform/binding-wasm32-wasi': 0.56.5
      '@oxc-transform/binding-win32-arm64-msvc': 0.56.5
      '@oxc-transform/binding-win32-x64-msvc': 0.56.5

  pathe@2.0.3: {}

  picocolors@1.1.1: {}

  picomatch@4.0.2: {}

  premove@4.0.0: {}

  prettier@3.5.3: {}

  rolldown@1.0.0-beta.4:
    dependencies:
      '@oxc-project/types': 0.56.5
      '@valibot/to-json-schema': 1.0.0-rc.0(valibot@1.0.0-rc.3)
      valibot: 1.0.0-rc.3
    optionalDependencies:
      '@rolldown/binding-darwin-arm64': 1.0.0-beta.4
      '@rolldown/binding-darwin-x64': 1.0.0-beta.4
      '@rolldown/binding-freebsd-x64': 1.0.0-beta.4
      '@rolldown/binding-linux-arm-gnueabihf': 1.0.0-beta.4
      '@rolldown/binding-linux-arm64-gnu': 1.0.0-beta.4
      '@rolldown/binding-linux-arm64-musl': 1.0.0-beta.4
      '@rolldown/binding-linux-x64-gnu': 1.0.0-beta.4
      '@rolldown/binding-linux-x64-musl': 1.0.0-beta.4
      '@rolldown/binding-wasm32-wasi': 1.0.0-beta.4
      '@rolldown/binding-win32-arm64-msvc': 1.0.0-beta.4
      '@rolldown/binding-win32-ia32-msvc': 1.0.0-beta.4
      '@rolldown/binding-win32-x64-msvc': 1.0.0-beta.4
    transitivePeerDependencies:
      - typescript

  tinyglobby@0.2.12:
    dependencies:
      fdir: 6.4.3(picomatch@4.0.2)
      picomatch: 4.0.2

  tslib@2.8.1:
    optional: true

  undici-types@6.20.0: {}

  unplugin-isolated-decl@0.13.2:
    dependencies:
      debug: 4.4.0
      magic-string: 0.30.17
      oxc-parser: 0.56.5
      oxc-transform: 0.56.5
      unplugin: 2.2.0
      unplugin-utils: 0.2.4
    transitivePeerDependencies:
      - supports-color

  unplugin-utils@0.2.4:
    dependencies:
      pathe: 2.0.3
      picomatch: 4.0.2

  unplugin@2.2.0:
    dependencies:
      acorn: 8.14.1
      webpack-virtual-modules: 0.6.2

  valibot@1.0.0-rc.3: {}

  webpack-virtual-modules@0.6.2: {}
